
Microsoft Visual Studio Solution File, Format Version 12.00
# Visual Studio Version 16
VisualStudioVersion = 16.6.30114.105
MinimumVisualStudioVersion = 10.0.40219.1
Project("{2150E333-8FDC-42A3-9474-1A3956D46DE8}") = "src", "src", "{2470C735-870C-46E8-8797-6875A34C477A}"
EndProject
Project("{2150E333-8FDC-42A3-9474-1A3956D46DE8}") = "test", "test", "{943749C9-A6B8-4F8D-8893-68FD711E4912}"
EndProject
Project("{2150E333-8FDC-42A3-9474-1A3956D46DE8}") = "API", "API", "{C452BFA5-59E4-470B-86A9-A7DD48F53C57}"
EndProject
Project("{2150E333-8FDC-42A3-9474-1A3956D46DE8}") = "Core", "Core", "{EB89E651-C35D-4700-8690-3E78D95839E5}"
EndProject
Project("{2150E333-8FDC-42A3-9474-1A3956D46DE8}") = "Infrastructure", "Infrastructure", "{DAEDE456-CF1F-4A69-B7C3-62B8C3BD5F32}"
EndProject
Project("{2150E333-8FDC-42A3-9474-1A3956D46DE8}") = "UI", "UI", "{C7A3BC0A-8171-4C4C-B82D-7E264842EC78}"
EndProject
Project("{FAE04EC0-301F-11D3-BF4B-00C04F79EFBC}") = "Domain", "Domain\Domain.csproj", "{C9B5228E-BE84-4B6A-B5DA-4EEBDBA20868}"
EndProject
Project("{FAE04EC0-301F-11D3-BF4B-00C04F79EFBC}") = "Application", "Application\Application.csproj", "{43319EBF-6C90-4F95-BFB1-78B7B05DA985}"
EndProject
Global
	GlobalSection(SolutionConfigurationPlatforms) = preSolution
		Debug|Any CPU = Debug|Any CPU
		Debug|x64 = Debug|x64
		Debug|x86 = Debug|x86
		Release|Any CPU = Release|Any CPU
		Release|x64 = Release|x64
		Release|x86 = Release|x86
	EndGlobalSection
	GlobalSection(SolutionProperties) = preSolution
		HideSolutionNode = FALSE
	EndGlobalSection
	GlobalSection(ProjectConfigurationPlatforms) = postSolution
		{C9B5228E-BE84-4B6A-B5DA-4EEBDBA20868}.Debug|Any CPU.ActiveCfg = Debug|Any CPU
		{C9B5228E-BE84-4B6A-B5DA-4EEBDBA20868}.Debug|Any CPU.Build.0 = Debug|Any CPU
		{C9B5228E-BE84-4B6A-B5DA-4EEBDBA20868}.Debug|x64.ActiveCfg = Debug|Any CPU
		{C9B5228E-BE84-4B6A-B5DA-4EEBDBA20868}.Debug|x64.Build.0 = Debug|Any CPU
		{C9B5228E-BE84-4B6A-B5DA-4EEBDBA20868}.Debug|x86.ActiveCfg = Debug|Any CPU
		{C9B5228E-BE84-4B6A-B5DA-4EEBDBA20868}.Debug|x86.Build.0 = Debug|Any CPU
		{C9B5228E-BE84-4B6A-B5DA-4EEBDBA20868}.Release|Any CPU.ActiveCfg = Release|Any CPU
		{C9B5228E-BE84-4B6A-B5DA-4EEBDBA20868}.Release|Any CPU.Build.0 = Release|Any CPU
		{C9B5228E-BE84-4B6A-B5DA-4EEBDBA20868}.Release|x64.ActiveCfg = Release|Any CPU
		{C9B5228E-BE84-4B6A-B5DA-4EEBDBA20868}.Release|x64.Build.0 = Release|Any CPU
		{C9B5228E-BE84-4B6A-B5DA-4EEBDBA20868}.Release|x86.ActiveCfg = Release|Any CPU
		{C9B5228E-BE84-4B6A-B5DA-4EEBDBA20868}.Release|x86.Build.0 = Release|Any CPU
		{43319EBF-6C90-4F95-BFB1-78B7B05DA985}.Debug|Any CPU.ActiveCfg = Debug|Any CPU
		{43319EBF-6C90-4F95-BFB1-78B7B05DA985}.Debug|Any CPU.Build.0 = Debug|Any CPU
		{43319EBF-6C90-4F95-BFB1-78B7B05DA985}.Debug|x64.ActiveCfg = Debug|Any CPU
		{43319EBF-6C90-4F95-BFB1-78B7B05DA985}.Debug|x64.Build.0 = Debug|Any CPU
		{43319EBF-6C90-4F95-BFB1-78B7B05DA985}.Debug|x86.ActiveCfg = Debug|Any CPU
		{43319EBF-6C90-4F95-BFB1-78B7B05DA985}.Debug|x86.Build.0 = Debug|Any CPU
		{43319EBF-6C90-4F95-BFB1-78B7B05DA985}.Release|Any CPU.ActiveCfg = Release|Any CPU
		{43319EBF-6C90-4F95-BFB1-78B7B05DA985}.Release|Any CPU.Build.0 = Release|Any CPU
		{43319EBF-6C90-4F95-BFB1-78B7B05DA985}.Release|x64.ActiveCfg = Release|Any CPU
		{43319EBF-6C90-4F95-BFB1-78B7B05DA985}.Release|x64.Build.0 = Release|Any CPU
		{43319EBF-6C90-4F95-BFB1-78B7B05DA985}.Release|x86.ActiveCfg = Release|Any CPU
		{43319EBF-6C90-4F95-BFB1-78B7B05DA985}.Release|x86.Build.0 = Release|Any CPU
	EndGlobalSection
	GlobalSection(NestedProjects) = preSolution
		{C452BFA5-59E4-470B-86A9-A7DD48F53C57} = {2470C735-870C-46E8-8797-6875A34C477A}
		{EB89E651-C35D-4700-8690-3E78D95839E5} = {2470C735-870C-46E8-8797-6875A34C477A}
		{DAEDE456-CF1F-4A69-B7C3-62B8C3BD5F32} = {2470C735-870C-46E8-8797-6875A34C477A}
		{C7A3BC0A-8171-4C4C-B82D-7E264842EC78} = {2470C735-870C-46E8-8797-6875A34C477A}
		{C9B5228E-BE84-4B6A-B5DA-4EEBDBA20868} = {EB89E651-C35D-4700-8690-3E78D95839E5}
		{43319EBF-6C90-4F95-BFB1-78B7B05DA985} = {EB89E651-C35D-4700-8690-3E78D95839E5}
	EndGlobalSection
EndGlobal
